// !$*UTF8*$!
{
	archiveVersion = 1;
	classes = {
	};
	objectVersion = 46;
	objects = {

/* Begin PBXBuildFile section */
		AF3EA5511AC0C59800E7ACA4 /* SavedGamesTableViewController.m in Sources */ = {isa = PBXBuildFile; fileRef = AF3EA5501AC0C59800E7ACA4 /* SavedGamesTableViewController.m */; };
		AF89A0F41AB3EDDA00138C66 /* main.m in Sources */ = {isa = PBXBuildFile; fileRef = AF89A0F31AB3EDDA00138C66 /* main.m */; };
		AF89A0F71AB3EDDA00138C66 /* AppDelegate.m in Sources */ = {isa = PBXBuildFile; fileRef = AF89A0F61AB3EDDA00138C66 /* AppDelegate.m */; };
		AF89A0FA1AB3EDDA00138C66 /* GameShowScoringViewController.m in Sources */ = {isa = PBXBuildFile; fileRef = AF89A0F91AB3EDDA00138C66 /* GameShowScoringViewController.m */; };
		AF89A0FD1AB3EDDA00138C66 /* Main.storyboard in Resources */ = {isa = PBXBuildFile; fileRef = AF89A0FB1AB3EDDA00138C66 /* Main.storyboard */; };
		AF89A0FF1AB3EDDA00138C66 /* Images.xcassets in Resources */ = {isa = PBXBuildFile; fileRef = AF89A0FE1AB3EDDA00138C66 /* Images.xcassets */; };
		AF89A1021AB3EDDA00138C66 /* LaunchScreen.xib in Resources */ = {isa = PBXBuildFile; fileRef = AF89A1001AB3EDDA00138C66 /* LaunchScreen.xib */; };
		AF89A10E1AB3EDDB00138C66 /* Game_Show_ChallengeTests.m in Sources */ = {isa = PBXBuildFile; fileRef = AF89A10D1AB3EDDB00138C66 /* Game_Show_ChallengeTests.m */; };
		AF9467D31AC2ADE80079D321 /* Bolts.framework in Frameworks */ = {isa = PBXBuildFile; fileRef = AF9467CE1AC2ADE80079D321 /* Bolts.framework */; };
		AF9467D41AC2ADE80079D321 /* Parse.framework in Frameworks */ = {isa = PBXBuildFile; fileRef = AF9467CF1AC2ADE80079D321 /* Parse.framework */; };
		AF9467D51AC2ADE80079D321 /* ParseCrashReporting.framework in Frameworks */ = {isa = PBXBuildFile; fileRef = AF9467D01AC2ADE80079D321 /* ParseCrashReporting.framework */; };
		AF9467D61AC2ADE80079D321 /* ParseFacebookUtils.framework in Frameworks */ = {isa = PBXBuildFile; fileRef = AF9467D11AC2ADE80079D321 /* ParseFacebookUtils.framework */; };
		AF9467D71AC2ADE80079D321 /* ParseUI.framework in Frameworks */ = {isa = PBXBuildFile; fileRef = AF9467D21AC2ADE80079D321 /* ParseUI.framework */; };
		AF9467D91AC2AE600079D321 /* AudioToolbox.framework in Frameworks */ = {isa = PBXBuildFile; fileRef = AF9467D81AC2AE600079D321 /* AudioToolbox.framework */; };
		AF9467DB1AC2AE670079D321 /* CFNetwork.framework in Frameworks */ = {isa = PBXBuildFile; fileRef = AF9467DA1AC2AE670079D321 /* CFNetwork.framework */; };
		AF9467DD1AC2AE6D0079D321 /* CoreGraphics.framework in Frameworks */ = {isa = PBXBuildFile; fileRef = AF9467DC1AC2AE6D0079D321 /* CoreGraphics.framework */; };
		AF9467DF1AC2AE730079D321 /* CoreLocation.framework in Frameworks */ = {isa = PBXBuildFile; fileRef = AF9467DE1AC2AE730079D321 /* CoreLocation.framework */; };
		AF9467E11AC2AE7A0079D321 /* MobileCoreServices.framework in Frameworks */ = {isa = PBXBuildFile; fileRef = AF9467E01AC2AE7A0079D321 /* MobileCoreServices.framework */; };
		AF9467E31AC2AE810079D321 /* QuartzCore.framework in Frameworks */ = {isa = PBXBuildFile; fileRef = AF9467E21AC2AE810079D321 /* QuartzCore.framework */; };
		AF9467E51AC2AE860079D321 /* Security.framework in Frameworks */ = {isa = PBXBuildFile; fileRef = AF9467E41AC2AE860079D321 /* Security.framework */; };
		AF9467E71AC2AE8C0079D321 /* StoreKit.framework in Frameworks */ = {isa = PBXBuildFile; fileRef = AF9467E61AC2AE8C0079D321 /* StoreKit.framework */; };
		AF9467E91AC2AE930079D321 /* SystemConfiguration.framework in Frameworks */ = {isa = PBXBuildFile; fileRef = AF9467E81AC2AE930079D321 /* SystemConfiguration.framework */; };
		AF9467EB1AC2AE9B0079D321 /* libz.dylib in Frameworks */ = {isa = PBXBuildFile; fileRef = AF9467EA1AC2AE9B0079D321 /* libz.dylib */; };
		AF9467ED1AC2AEA30079D321 /* libsqlite3.dylib in Frameworks */ = {isa = PBXBuildFile; fileRef = AF9467EC1AC2AEA30079D321 /* libsqlite3.dylib */; };
		AF9D4D7A1ACD490F008A0151 /* podium.png in Resources */ = {isa = PBXBuildFile; fileRef = AF9D4D791ACD490F008A0151 /* podium.png */; };
		AF9D4D841ACD4E83008A0151 /* podium-29.png in Resources */ = {isa = PBXBuildFile; fileRef = AF9D4D7B1ACD4E83008A0151 /* podium-29.png */; };
		AF9D4D851ACD4E83008A0151 /* podium-40.png in Resources */ = {isa = PBXBuildFile; fileRef = AF9D4D7C1ACD4E83008A0151 /* podium-40.png */; };
		AF9D4D861ACD4E83008A0151 /* podium-58.png in Resources */ = {isa = PBXBuildFile; fileRef = AF9D4D7D1ACD4E83008A0151 /* podium-58.png */; };
		AF9D4D871ACD4E83008A0151 /* podium-76.png in Resources */ = {isa = PBXBuildFile; fileRef = AF9D4D7E1ACD4E83008A0151 /* podium-76.png */; };
		AF9D4D881ACD4E83008A0151 /* podium-80.png in Resources */ = {isa = PBXBuildFile; fileRef = AF9D4D7F1ACD4E83008A0151 /* podium-80.png */; };
		AF9D4D891ACD4E83008A0151 /* podium-87.png in Resources */ = {isa = PBXBuildFile; fileRef = AF9D4D801ACD4E83008A0151 /* podium-87.png */; };
		AF9D4D8A1ACD4E83008A0151 /* podium-120.png in Resources */ = {isa = PBXBuildFile; fileRef = AF9D4D811ACD4E83008A0151 /* podium-120.png */; };
		AF9D4D8B1ACD4E83008A0151 /* podium-152.png in Resources */ = {isa = PBXBuildFile; fileRef = AF9D4D821ACD4E83008A0151 /* podium-152.png */; };
		AF9D4D8C1ACD4E83008A0151 /* podium-180.png in Resources */ = {isa = PBXBuildFile; fileRef = AF9D4D831ACD4E83008A0151 /* podium-180.png */; };
		AFB9A7FE1AB91EC20035AB9C /* korinnabold.ttf in Resources */ = {isa = PBXBuildFile; fileRef = AFB9A7FD1AB91EC20035AB9C /* korinnabold.ttf */; };
		AFD1CCE01ACA3F5100F5BD56 /* WagerEntryViewController.m in Sources */ = {isa = PBXBuildFile; fileRef = AFD1CCDF1ACA3F5100F5BD56 /* WagerEntryViewController.m */; };
		AFD4950B1AC30E770082F4F7 /* DejalActivityView.m in Sources */ = {isa = PBXBuildFile; fileRef = AFD4950A1AC30E770082F4F7 /* DejalActivityView.m */; };
		AFE64F071ABBC9120070BCA9 /* GameShowGame.m in Sources */ = {isa = PBXBuildFile; fileRef = AFE64F061ABBC9120070BCA9 /* GameShowGame.m */; };
		AFEFCDAE1AC549FA007EF1E4 /* SavedGameTableViewCell.m in Sources */ = {isa = PBXBuildFile; fileRef = AFEFCDAD1AC549FA007EF1E4 /* SavedGameTableViewCell.m */; };
		AFF00B841AC6CE0700101CFD /* NewGameViewController.m in Sources */ = {isa = PBXBuildFile; fileRef = AFF00B831AC6CE0700101CFD /* NewGameViewController.m */; };
/* End PBXBuildFile section */

/* Begin PBXContainerItemProxy section */
		AF89A1081AB3EDDB00138C66 /* PBXContainerItemProxy */ = {
			isa = PBXContainerItemProxy;
			containerPortal = AF89A0E61AB3EDDA00138C66 /* Project object */;
			proxyType = 1;
			remoteGlobalIDString = AF89A0ED1AB3EDDA00138C66;
			remoteInfo = "Game Show Challenge";
		};
/* End PBXContainerItemProxy section */

/* Begin PBXFileReference section */
		AF3EA54F1AC0C59800E7ACA4 /* SavedGamesTableViewController.h */ = {isa = PBXFileReference; fileEncoding = 4; lastKnownFileType = sourcecode.c.h; path = SavedGamesTableViewController.h; sourceTree = "<group>"; };
		AF3EA5501AC0C59800E7ACA4 /* SavedGamesTableViewController.m */ = {isa = PBXFileReference; fileEncoding = 4; lastKnownFileType = sourcecode.c.objc; path = SavedGamesTableViewController.m; sourceTree = "<group>"; };
		AF89A0EE1AB3EDDA00138C66 /* Game Show Challenge.app */ = {isa = PBXFileReference; explicitFileType = wrapper.application; includeInIndex = 0; path = "Game Show Challenge.app"; sourceTree = BUILT_PRODUCTS_DIR; };
		AF89A0F21AB3EDDA00138C66 /* Info.plist */ = {isa = PBXFileReference; lastKnownFileType = text.plist.xml; path = Info.plist; sourceTree = "<group>"; };
		AF89A0F31AB3EDDA00138C66 /* main.m */ = {isa = PBXFileReference; lastKnownFileType = sourcecode.c.objc; path = main.m; sourceTree = "<group>"; };
		AF89A0F51AB3EDDA00138C66 /* AppDelegate.h */ = {isa = PBXFileReference; lastKnownFileType = sourcecode.c.h; path = AppDelegate.h; sourceTree = "<group>"; };
		AF89A0F61AB3EDDA00138C66 /* AppDelegate.m */ = {isa = PBXFileReference; lastKnownFileType = sourcecode.c.objc; path = AppDelegate.m; sourceTree = "<group>"; };
		AF89A0F81AB3EDDA00138C66 /* GameShowScoringViewController.h */ = {isa = PBXFileReference; lastKnownFileType = sourcecode.c.h; path = GameShowScoringViewController.h; sourceTree = "<group>"; };
		AF89A0F91AB3EDDA00138C66 /* GameShowScoringViewController.m */ = {isa = PBXFileReference; lastKnownFileType = sourcecode.c.objc; path = GameShowScoringViewController.m; sourceTree = "<group>"; };
		AF89A0FC1AB3EDDA00138C66 /* Base */ = {isa = PBXFileReference; lastKnownFileType = file.storyboard; name = Base; path = Base.lproj/Main.storyboard; sourceTree = "<group>"; };
		AF89A0FE1AB3EDDA00138C66 /* Images.xcassets */ = {isa = PBXFileReference; lastKnownFileType = folder.assetcatalog; path = Images.xcassets; sourceTree = "<group>"; };
		AF89A1011AB3EDDA00138C66 /* Base */ = {isa = PBXFileReference; lastKnownFileType = file.xib; name = Base; path = Base.lproj/LaunchScreen.xib; sourceTree = "<group>"; };
		AF89A1071AB3EDDB00138C66 /* Game Show ChallengeTests.xctest */ = {isa = PBXFileReference; explicitFileType = wrapper.cfbundle; includeInIndex = 0; path = "Game Show ChallengeTests.xctest"; sourceTree = BUILT_PRODUCTS_DIR; };
		AF89A10C1AB3EDDB00138C66 /* Info.plist */ = {isa = PBXFileReference; lastKnownFileType = text.plist.xml; path = Info.plist; sourceTree = "<group>"; };
		AF89A10D1AB3EDDB00138C66 /* Game_Show_ChallengeTests.m */ = {isa = PBXFileReference; lastKnownFileType = sourcecode.c.objc; path = Game_Show_ChallengeTests.m; sourceTree = "<group>"; };
		AF9467CE1AC2ADE80079D321 /* Bolts.framework */ = {isa = PBXFileReference; lastKnownFileType = wrapper.framework; path = Bolts.framework; sourceTree = "<group>"; };
		AF9467CF1AC2ADE80079D321 /* Parse.framework */ = {isa = PBXFileReference; lastKnownFileType = wrapper.framework; path = Parse.framework; sourceTree = "<group>"; };
		AF9467D01AC2ADE80079D321 /* ParseCrashReporting.framework */ = {isa = PBXFileReference; lastKnownFileType = wrapper.framework; path = ParseCrashReporting.framework; sourceTree = "<group>"; };
		AF9467D11AC2ADE80079D321 /* ParseFacebookUtils.framework */ = {isa = PBXFileReference; lastKnownFileType = wrapper.framework; path = ParseFacebookUtils.framework; sourceTree = "<group>"; };
		AF9467D21AC2ADE80079D321 /* ParseUI.framework */ = {isa = PBXFileReference; lastKnownFileType = wrapper.framework; path = ParseUI.framework; sourceTree = "<group>"; };
		AF9467D81AC2AE600079D321 /* AudioToolbox.framework */ = {isa = PBXFileReference; lastKnownFileType = wrapper.framework; name = AudioToolbox.framework; path = System/Library/Frameworks/AudioToolbox.framework; sourceTree = SDKROOT; };
		AF9467DA1AC2AE670079D321 /* CFNetwork.framework */ = {isa = PBXFileReference; lastKnownFileType = wrapper.framework; name = CFNetwork.framework; path = System/Library/Frameworks/CFNetwork.framework; sourceTree = SDKROOT; };
		AF9467DC1AC2AE6D0079D321 /* CoreGraphics.framework */ = {isa = PBXFileReference; lastKnownFileType = wrapper.framework; name = CoreGraphics.framework; path = System/Library/Frameworks/CoreGraphics.framework; sourceTree = SDKROOT; };
		AF9467DE1AC2AE730079D321 /* CoreLocation.framework */ = {isa = PBXFileReference; lastKnownFileType = wrapper.framework; name = CoreLocation.framework; path = System/Library/Frameworks/CoreLocation.framework; sourceTree = SDKROOT; };
		AF9467E01AC2AE7A0079D321 /* MobileCoreServices.framework */ = {isa = PBXFileReference; lastKnownFileType = wrapper.framework; name = MobileCoreServices.framework; path = System/Library/Frameworks/MobileCoreServices.framework; sourceTree = SDKROOT; };
		AF9467E21AC2AE810079D321 /* QuartzCore.framework */ = {isa = PBXFileReference; lastKnownFileType = wrapper.framework; name = QuartzCore.framework; path = System/Library/Frameworks/QuartzCore.framework; sourceTree = SDKROOT; };
		AF9467E41AC2AE860079D321 /* Security.framework */ = {isa = PBXFileReference; lastKnownFileType = wrapper.framework; name = Security.framework; path = System/Library/Frameworks/Security.framework; sourceTree = SDKROOT; };
		AF9467E61AC2AE8C0079D321 /* StoreKit.framework */ = {isa = PBXFileReference; lastKnownFileType = wrapper.framework; name = StoreKit.framework; path = System/Library/Frameworks/StoreKit.framework; sourceTree = SDKROOT; };
		AF9467E81AC2AE930079D321 /* SystemConfiguration.framework */ = {isa = PBXFileReference; lastKnownFileType = wrapper.framework; name = SystemConfiguration.framework; path = System/Library/Frameworks/SystemConfiguration.framework; sourceTree = SDKROOT; };
		AF9467EA1AC2AE9B0079D321 /* libz.dylib */ = {isa = PBXFileReference; lastKnownFileType = "compiled.mach-o.dylib"; name = libz.dylib; path = usr/lib/libz.dylib; sourceTree = SDKROOT; };
		AF9467EC1AC2AEA30079D321 /* libsqlite3.dylib */ = {isa = PBXFileReference; lastKnownFileType = "compiled.mach-o.dylib"; name = libsqlite3.dylib; path = usr/lib/libsqlite3.dylib; sourceTree = SDKROOT; };
		AF9D4D791ACD490F008A0151 /* podium.png */ = {isa = PBXFileReference; lastKnownFileType = image.png; path = podium.png; sourceTree = "<group>"; };
		AF9D4D7B1ACD4E83008A0151 /* podium-29.png */ = {isa = PBXFileReference; lastKnownFileType = image.png; path = "podium-29.png"; sourceTree = "<group>"; };
		AF9D4D7C1ACD4E83008A0151 /* podium-40.png */ = {isa = PBXFileReference; lastKnownFileType = image.png; path = "podium-40.png"; sourceTree = "<group>"; };
		AF9D4D7D1ACD4E83008A0151 /* podium-58.png */ = {isa = PBXFileReference; lastKnownFileType = image.png; path = "podium-58.png"; sourceTree = "<group>"; };
		AF9D4D7E1ACD4E83008A0151 /* podium-76.png */ = {isa = PBXFileReference; lastKnownFileType = image.png; path = "podium-76.png"; sourceTree = "<group>"; };
		AF9D4D7F1ACD4E83008A0151 /* podium-80.png */ = {isa = PBXFileReference; lastKnownFileType = image.png; path = "podium-80.png"; sourceTree = "<group>"; };
		AF9D4D801ACD4E83008A0151 /* podium-87.png */ = {isa = PBXFileReference; lastKnownFileType = image.png; path = "podium-87.png"; sourceTree = "<group>"; };
		AF9D4D811ACD4E83008A0151 /* podium-120.png */ = {isa = PBXFileReference; lastKnownFileType = image.png; path = "podium-120.png"; sourceTree = "<group>"; };
		AF9D4D821ACD4E83008A0151 /* podium-152.png */ = {isa = PBXFileReference; lastKnownFileType = image.png; path = "podium-152.png"; sourceTree = "<group>"; };
		AF9D4D831ACD4E83008A0151 /* podium-180.png */ = {isa = PBXFileReference; lastKnownFileType = image.png; path = "podium-180.png"; sourceTree = "<group>"; };
		AFB9A7FD1AB91EC20035AB9C /* korinnabold.ttf */ = {isa = PBXFileReference; lastKnownFileType = file; path = korinnabold.ttf; sourceTree = "<group>"; };
		AFD1CCDE1ACA3F5100F5BD56 /* WagerEntryViewController.h */ = {isa = PBXFileReference; fileEncoding = 4; lastKnownFileType = sourcecode.c.h; path = WagerEntryViewController.h; sourceTree = "<group>"; };
		AFD1CCDF1ACA3F5100F5BD56 /* WagerEntryViewController.m */ = {isa = PBXFileReference; fileEncoding = 4; lastKnownFileType = sourcecode.c.objc; path = WagerEntryViewController.m; sourceTree = "<group>"; };
		AFD495091AC30E770082F4F7 /* DejalActivityView.h */ = {isa = PBXFileReference; fileEncoding = 4; lastKnownFileType = sourcecode.c.h; path = DejalActivityView.h; sourceTree = "<group>"; };
		AFD4950A1AC30E770082F4F7 /* DejalActivityView.m */ = {isa = PBXFileReference; fileEncoding = 4; lastKnownFileType = sourcecode.c.objc; path = DejalActivityView.m; sourceTree = "<group>"; };
		AFE64F051ABBC9120070BCA9 /* GameShowGame.h */ = {isa = PBXFileReference; fileEncoding = 4; lastKnownFileType = sourcecode.c.h; path = GameShowGame.h; sourceTree = "<group>"; };
		AFE64F061ABBC9120070BCA9 /* GameShowGame.m */ = {isa = PBXFileReference; fileEncoding = 4; lastKnownFileType = sourcecode.c.objc; path = GameShowGame.m; sourceTree = "<group>"; };
		AFEFCDAC1AC549FA007EF1E4 /* SavedGameTableViewCell.h */ = {isa = PBXFileReference; fileEncoding = 4; lastKnownFileType = sourcecode.c.h; path = SavedGameTableViewCell.h; sourceTree = "<group>"; };
		AFEFCDAD1AC549FA007EF1E4 /* SavedGameTableViewCell.m */ = {isa = PBXFileReference; fileEncoding = 4; lastKnownFileType = sourcecode.c.objc; path = SavedGameTableViewCell.m; sourceTree = "<group>"; };
		AFF00B821AC6CE0700101CFD /* NewGameViewController.h */ = {isa = PBXFileReference; fileEncoding = 4; lastKnownFileType = sourcecode.c.h; path = NewGameViewController.h; sourceTree = "<group>"; };
		AFF00B831AC6CE0700101CFD /* NewGameViewController.m */ = {isa = PBXFileReference; fileEncoding = 4; lastKnownFileType = sourcecode.c.objc; path = NewGameViewController.m; sourceTree = "<group>"; };
/* End PBXFileReference section */

/* Begin PBXFrameworksBuildPhase section */
		AF89A0EB1AB3EDDA00138C66 /* Frameworks */ = {
			isa = PBXFrameworksBuildPhase;
			buildActionMask = 2147483647;
			files = (
				AF9467ED1AC2AEA30079D321 /* libsqlite3.dylib in Frameworks */,
				AF9467EB1AC2AE9B0079D321 /* libz.dylib in Frameworks */,
				AF9467E91AC2AE930079D321 /* SystemConfiguration.framework in Frameworks */,
				AF9467E71AC2AE8C0079D321 /* StoreKit.framework in Frameworks */,
				AF9467E51AC2AE860079D321 /* Security.framework in Frameworks */,
				AF9467E31AC2AE810079D321 /* QuartzCore.framework in Frameworks */,
				AF9467E11AC2AE7A0079D321 /* MobileCoreServices.framework in Frameworks */,
				AF9467DF1AC2AE730079D321 /* CoreLocation.framework in Frameworks */,
				AF9467DD1AC2AE6D0079D321 /* CoreGraphics.framework in Frameworks */,
				AF9467DB1AC2AE670079D321 /* CFNetwork.framework in Frameworks */,
				AF9467D91AC2AE600079D321 /* AudioToolbox.framework in Frameworks */,
				AF9467D41AC2ADE80079D321 /* Parse.framework in Frameworks */,
				AF9467D51AC2ADE80079D321 /* ParseCrashReporting.framework in Frameworks */,
				AF9467D71AC2ADE80079D321 /* ParseUI.framework in Frameworks */,
				AF9467D61AC2ADE80079D321 /* ParseFacebookUtils.framework in Frameworks */,
				AF9467D31AC2ADE80079D321 /* Bolts.framework in Frameworks */,
			);
			runOnlyForDeploymentPostprocessing = 0;
		};
		AF89A1041AB3EDDB00138C66 /* Frameworks */ = {
			isa = PBXFrameworksBuildPhase;
			buildActionMask = 2147483647;
			files = (
			);
			runOnlyForDeploymentPostprocessing = 0;
		};
/* End PBXFrameworksBuildPhase section */

/* Begin PBXGroup section */
		AF3EA54E1AC0C4E700E7ACA4 /* View Controllers */ = {
			isa = PBXGroup;
			children = (
				AF89A0F81AB3EDDA00138C66 /* GameShowScoringViewController.h */,
				AF89A0F91AB3EDDA00138C66 /* GameShowScoringViewController.m */,
				AF3EA54F1AC0C59800E7ACA4 /* SavedGamesTableViewController.h */,
				AF3EA5501AC0C59800E7ACA4 /* SavedGamesTableViewController.m */,
				AFF00B821AC6CE0700101CFD /* NewGameViewController.h */,
				AFF00B831AC6CE0700101CFD /* NewGameViewController.m */,
				AFD1CCDE1ACA3F5100F5BD56 /* WagerEntryViewController.h */,
				AFD1CCDF1ACA3F5100F5BD56 /* WagerEntryViewController.m */,
			);
			name = "View Controllers";
			sourceTree = "<group>";
		};
		AF89A0E51AB3EDDA00138C66 = {
			isa = PBXGroup;
			children = (
				AF9467CD1AC2ADDE0079D321 /* Frameworks */,
				AF9467CA1AC252260079D321 /* Libraries */,
				AF89A0F01AB3EDDA00138C66 /* Game Show Challenge */,
				AF89A10A1AB3EDDB00138C66 /* Game Show ChallengeTests */,
				AF89A0EF1AB3EDDA00138C66 /* Products */,
			);
			sourceTree = "<group>";
		};
		AF89A0EF1AB3EDDA00138C66 /* Products */ = {
			isa = PBXGroup;
			children = (
				AF89A0EE1AB3EDDA00138C66 /* Game Show Challenge.app */,
				AF89A1071AB3EDDB00138C66 /* Game Show ChallengeTests.xctest */,
			);
			name = Products;
			sourceTree = "<group>";
		};
		AF89A0F01AB3EDDA00138C66 /* Game Show Challenge */ = {
			isa = PBXGroup;
			children = (
				AF89A0F51AB3EDDA00138C66 /* AppDelegate.h */,
				AF89A0F61AB3EDDA00138C66 /* AppDelegate.m */,
				AFEFCDAB1AC549CA007EF1E4 /* Cells */,
				AF3EA54E1AC0C4E700E7ACA4 /* View Controllers */,
				AFE64F041ABBC8D20070BCA9 /* Domain */,
				AF89A0FB1AB3EDDA00138C66 /* Main.storyboard */,
				AF89A0FE1AB3EDDA00138C66 /* Images.xcassets */,
				AF89A1001AB3EDDA00138C66 /* LaunchScreen.xib */,
				AF89A0F11AB3EDDA00138C66 /* Supporting Files */,
			);
			path = "Game Show Challenge";
			sourceTree = "<group>";
		};
		AF89A0F11AB3EDDA00138C66 /* Supporting Files */ = {
			isa = PBXGroup;
			children = (
				AF9D4D7B1ACD4E83008A0151 /* podium-29.png */,
				AF9D4D7C1ACD4E83008A0151 /* podium-40.png */,
				AF9D4D7D1ACD4E83008A0151 /* podium-58.png */,
				AF9D4D7E1ACD4E83008A0151 /* podium-76.png */,
				AF9D4D7F1ACD4E83008A0151 /* podium-80.png */,
				AF9D4D801ACD4E83008A0151 /* podium-87.png */,
				AF9D4D811ACD4E83008A0151 /* podium-120.png */,
				AF9D4D821ACD4E83008A0151 /* podium-152.png */,
				AF9D4D831ACD4E83008A0151 /* podium-180.png */,
				AF9D4D791ACD490F008A0151 /* podium.png */,
				AFB9A7FD1AB91EC20035AB9C /* korinnabold.ttf */,
				AF89A0F21AB3EDDA00138C66 /* Info.plist */,
				AF89A0F31AB3EDDA00138C66 /* main.m */,
			);
			name = "Supporting Files";
			sourceTree = "<group>";
		};
		AF89A10A1AB3EDDB00138C66 /* Game Show ChallengeTests */ = {
			isa = PBXGroup;
			children = (
				AF89A10D1AB3EDDB00138C66 /* Game_Show_ChallengeTests.m */,
				AF89A10B1AB3EDDB00138C66 /* Supporting Files */,
			);
			path = "Game Show ChallengeTests";
			sourceTree = "<group>";
		};
		AF89A10B1AB3EDDB00138C66 /* Supporting Files */ = {
			isa = PBXGroup;
			children = (
				AF89A10C1AB3EDDB00138C66 /* Info.plist */,
			);
			name = "Supporting Files";
			sourceTree = "<group>";
		};
		AF9467CA1AC252260079D321 /* Libraries */ = {
			isa = PBXGroup;
			children = (
				AFD495081AC30E490082F4F7 /* Dejal Activity View */,
			);
			name = Libraries;
			sourceTree = "<group>";
		};
		AF9467CD1AC2ADDE0079D321 /* Frameworks */ = {
			isa = PBXGroup;
			children = (
				AF9467EC1AC2AEA30079D321 /* libsqlite3.dylib */,
				AF9467EA1AC2AE9B0079D321 /* libz.dylib */,
				AF9467E81AC2AE930079D321 /* SystemConfiguration.framework */,
				AF9467E61AC2AE8C0079D321 /* StoreKit.framework */,
				AF9467E41AC2AE860079D321 /* Security.framework */,
				AF9467E21AC2AE810079D321 /* QuartzCore.framework */,
				AF9467E01AC2AE7A0079D321 /* MobileCoreServices.framework */,
				AF9467DE1AC2AE730079D321 /* CoreLocation.framework */,
				AF9467DC1AC2AE6D0079D321 /* CoreGraphics.framework */,
				AF9467DA1AC2AE670079D321 /* CFNetwork.framework */,
				AF9467D81AC2AE600079D321 /* AudioToolbox.framework */,
				AF9467CE1AC2ADE80079D321 /* Bolts.framework */,
				AF9467CF1AC2ADE80079D321 /* Parse.framework */,
				AF9467D01AC2ADE80079D321 /* ParseCrashReporting.framework */,
				AF9467D11AC2ADE80079D321 /* ParseFacebookUtils.framework */,
				AF9467D21AC2ADE80079D321 /* ParseUI.framework */,
			);
			name = Frameworks;
			sourceTree = "<group>";
		};
		AFD495081AC30E490082F4F7 /* Dejal Activity View */ = {
			isa = PBXGroup;
			children = (
				AFD495091AC30E770082F4F7 /* DejalActivityView.h */,
				AFD4950A1AC30E770082F4F7 /* DejalActivityView.m */,
			);
			name = "Dejal Activity View";
			sourceTree = "<group>";
		};
		AFE64F041ABBC8D20070BCA9 /* Domain */ = {
			isa = PBXGroup;
			children = (
				AFE64F051ABBC9120070BCA9 /* GameShowGame.h */,
				AFE64F061ABBC9120070BCA9 /* GameShowGame.m */,
			);
			name = Domain;
			sourceTree = "<group>";
		};
		AFEFCDAB1AC549CA007EF1E4 /* Cells */ = {
			isa = PBXGroup;
			children = (
				AFEFCDAC1AC549FA007EF1E4 /* SavedGameTableViewCell.h */,
				AFEFCDAD1AC549FA007EF1E4 /* SavedGameTableViewCell.m */,
			);
			name = Cells;
			sourceTree = "<group>";
		};
/* End PBXGroup section */

/* Begin PBXNativeTarget section */
		AF89A0ED1AB3EDDA00138C66 /* Game Show Challenge */ = {
			isa = PBXNativeTarget;
			buildConfigurationList = AF89A1111AB3EDDB00138C66 /* Build configuration list for PBXNativeTarget "Game Show Challenge" */;
			buildPhases = (
				AF89A0EA1AB3EDDA00138C66 /* Sources */,
				AF89A0EB1AB3EDDA00138C66 /* Frameworks */,
				AF89A0EC1AB3EDDA00138C66 /* Resources */,
			);
			buildRules = (
			);
			dependencies = (
			);
			name = "Game Show Challenge";
			productName = "Game Show Challenge";
			productReference = AF89A0EE1AB3EDDA00138C66 /* Game Show Challenge.app */;
			productType = "com.apple.product-type.application";
		};
		AF89A1061AB3EDDB00138C66 /* Game Show ChallengeTests */ = {
			isa = PBXNativeTarget;
			buildConfigurationList = AF89A1141AB3EDDB00138C66 /* Build configuration list for PBXNativeTarget "Game Show ChallengeTests" */;
			buildPhases = (
				AF89A1031AB3EDDB00138C66 /* Sources */,
				AF89A1041AB3EDDB00138C66 /* Frameworks */,
				AF89A1051AB3EDDB00138C66 /* Resources */,
			);
			buildRules = (
			);
			dependencies = (
				AF89A1091AB3EDDB00138C66 /* PBXTargetDependency */,
			);
			name = "Game Show ChallengeTests";
			productName = "Game Show ChallengeTests";
			productReference = AF89A1071AB3EDDB00138C66 /* Game Show ChallengeTests.xctest */;
			productType = "com.apple.product-type.bundle.unit-test";
		};
/* End PBXNativeTarget section */

/* Begin PBXProject section */
		AF89A0E61AB3EDDA00138C66 /* Project object */ = {
			isa = PBXProject;
			attributes = {
				LastUpgradeCheck = 0620;
				ORGANIZATIONNAME = "Friends of Hektor";
				TargetAttributes = {
					AF89A0ED1AB3EDDA00138C66 = {
						CreatedOnToolsVersion = 6.2;
					};
					AF89A1061AB3EDDB00138C66 = {
						CreatedOnToolsVersion = 6.2;
						TestTargetID = AF89A0ED1AB3EDDA00138C66;
					};
				};
			};
			buildConfigurationList = AF89A0E91AB3EDDA00138C66 /* Build configuration list for PBXProject "Game Show Challenge" */;
			compatibilityVersion = "Xcode 3.2";
			developmentRegion = English;
			hasScannedForEncodings = 0;
			knownRegions = (
				en,
				Base,
			);
			mainGroup = AF89A0E51AB3EDDA00138C66;
			productRefGroup = AF89A0EF1AB3EDDA00138C66 /* Products */;
			projectDirPath = "";
			projectRoot = "";
			targets = (
				AF89A0ED1AB3EDDA00138C66 /* Game Show Challenge */,
				AF89A1061AB3EDDB00138C66 /* Game Show ChallengeTests */,
			);
		};
/* End PBXProject section */

/* Begin PBXResourcesBuildPhase section */
		AF89A0EC1AB3EDDA00138C66 /* Resources */ = {
			isa = PBXResourcesBuildPhase;
			buildActionMask = 2147483647;
			files = (
				AF9D4D861ACD4E83008A0151 /* podium-58.png in Resources */,
				AF9D4D841ACD4E83008A0151 /* podium-29.png in Resources */,
				AF9D4D851ACD4E83008A0151 /* podium-40.png in Resources */,
				AF9D4D891ACD4E83008A0151 /* podium-87.png in Resources */,
				AF9D4D8B1ACD4E83008A0151 /* podium-152.png in Resources */,
				AF9D4D871ACD4E83008A0151 /* podium-76.png in Resources */,
				AF89A0FD1AB3EDDA00138C66 /* Main.storyboard in Resources */,
				AF89A1021AB3EDDA00138C66 /* LaunchScreen.xib in Resources */,
				AF9D4D7A1ACD490F008A0151 /* podium.png in Resources */,
				AF9D4D881ACD4E83008A0151 /* podium-80.png in Resources */,
				AFB9A7FE1AB91EC20035AB9C /* korinnabold.ttf in Resources */,
				AF9D4D8C1ACD4E83008A0151 /* podium-180.png in Resources */,
				AF89A0FF1AB3EDDA00138C66 /* Images.xcassets in Resources */,
				AF9D4D8A1ACD4E83008A0151 /* podium-120.png in Resources */,
			);
			runOnlyForDeploymentPostprocessing = 0;
		};
		AF89A1051AB3EDDB00138C66 /* Resources */ = {
			isa = PBXResourcesBuildPhase;
			buildActionMask = 2147483647;
			files = (
			);
			runOnlyForDeploymentPostprocessing = 0;
		};
/* End PBXResourcesBuildPhase section */

/* Begin PBXSourcesBuildPhase section */
		AF89A0EA1AB3EDDA00138C66 /* Sources */ = {
			isa = PBXSourcesBuildPhase;
			buildActionMask = 2147483647;
			files = (
				AFD4950B1AC30E770082F4F7 /* DejalActivityView.m in Sources */,
				AF89A0FA1AB3EDDA00138C66 /* GameShowScoringViewController.m in Sources */,
				AF3EA5511AC0C59800E7ACA4 /* SavedGamesTableViewController.m in Sources */,
				AF89A0F71AB3EDDA00138C66 /* AppDelegate.m in Sources */,
				AFE64F071ABBC9120070BCA9 /* GameShowGame.m in Sources */,
				AFF00B841AC6CE0700101CFD /* NewGameViewController.m in Sources */,
				AFD1CCE01ACA3F5100F5BD56 /* WagerEntryViewController.m in Sources */,
				AFEFCDAE1AC549FA007EF1E4 /* SavedGameTableViewCell.m in Sources */,
				AF89A0F41AB3EDDA00138C66 /* main.m in Sources */,
			);
			runOnlyForDeploymentPostprocessing = 0;
		};
		AF89A1031AB3EDDB00138C66 /* Sources */ = {
			isa = PBXSourcesBuildPhase;
			buildActionMask = 2147483647;
			files = (
				AF89A10E1AB3EDDB00138C66 /* Game_Show_ChallengeTests.m in Sources */,
			);
			runOnlyForDeploymentPostprocessing = 0;
		};
/* End PBXSourcesBuildPhase section */

/* Begin PBXTargetDependency section */
		AF89A1091AB3EDDB00138C66 /* PBXTargetDependency */ = {
			isa = PBXTargetDependency;
			target = AF89A0ED1AB3EDDA00138C66 /* Game Show Challenge */;
			targetProxy = AF89A1081AB3EDDB00138C66 /* PBXContainerItemProxy */;
		};
/* End PBXTargetDependency section */

/* Begin PBXVariantGroup section */
		AF89A0FB1AB3EDDA00138C66 /* Main.storyboard */ = {
			isa = PBXVariantGroup;
			children = (
				AF89A0FC1AB3EDDA00138C66 /* Base */,
			);
			name = Main.storyboard;
			sourceTree = "<group>";
		};
		AF89A1001AB3EDDA00138C66 /* LaunchScreen.xib */ = {
			isa = PBXVariantGroup;
			children = (
				AF89A1011AB3EDDA00138C66 /* Base */,
			);
			name = LaunchScreen.xib;
			sourceTree = "<group>";
		};
/* End PBXVariantGroup section */

/* Begin XCBuildConfiguration section */
		AF89A10F1AB3EDDB00138C66 /* Debug */ = {
			isa = XCBuildConfiguration;
			buildSettings = {
				ALWAYS_SEARCH_USER_PATHS = NO;
				CLANG_CXX_LANGUAGE_STANDARD = "gnu++0x";
				CLANG_CXX_LIBRARY = "libc++";
				CLANG_ENABLE_MODULES = YES;
				CLANG_ENABLE_OBJC_ARC = YES;
				CLANG_WARN_BOOL_CONVERSION = YES;
				CLANG_WARN_CONSTANT_CONVERSION = YES;
				CLANG_WARN_DIRECT_OBJC_ISA_USAGE = YES_ERROR;
				CLANG_WARN_EMPTY_BODY = YES;
				CLANG_WARN_ENUM_CONVERSION = YES;
				CLANG_WARN_INT_CONVERSION = YES;
				CLANG_WARN_OBJC_ROOT_CLASS = YES_ERROR;
				CLANG_WARN_UNREACHABLE_CODE = YES;
				CLANG_WARN__DUPLICATE_METHOD_MATCH = YES;
				"CODE_SIGN_IDENTITY[sdk=iphoneos*]" = "iPhone Developer";
				COPY_PHASE_STRIP = NO;
				ENABLE_STRICT_OBJC_MSGSEND = YES;
				GCC_C_LANGUAGE_STANDARD = gnu99;
				GCC_DYNAMIC_NO_PIC = NO;
				GCC_OPTIMIZATION_LEVEL = 0;
				GCC_PREPROCESSOR_DEFINITIONS = (
					"DEBUG=1",
					"$(inherited)",
				);
				GCC_SYMBOLS_PRIVATE_EXTERN = NO;
				GCC_WARN_64_TO_32_BIT_CONVERSION = YES;
				GCC_WARN_ABOUT_RETURN_TYPE = YES_ERROR;
				GCC_WARN_UNDECLARED_SELECTOR = YES;
				GCC_WARN_UNINITIALIZED_AUTOS = YES_AGGRESSIVE;
				GCC_WARN_UNUSED_FUNCTION = YES;
				GCC_WARN_UNUSED_VARIABLE = YES;
				IPHONEOS_DEPLOYMENT_TARGET = 8.2;
				MTL_ENABLE_DEBUG_INFO = YES;
				ONLY_ACTIVE_ARCH = YES;
				SDKROOT = iphoneos;
				TARGETED_DEVICE_FAMILY = "1,2";
			};
			name = Debug;
		};
		AF89A1101AB3EDDB00138C66 /* Release */ = {
			isa = XCBuildConfiguration;
			buildSettings = {
				ALWAYS_SEARCH_USER_PATHS = NO;
				CLANG_CXX_LANGUAGE_STANDARD = "gnu++0x";
				CLANG_CXX_LIBRARY = "libc++";
				CLANG_ENABLE_MODULES = YES;
				CLANG_ENABLE_OBJC_ARC = YES;
				CLANG_WARN_BOOL_CONVERSION = YES;
				CLANG_WARN_CONSTANT_CONVERSION = YES;
				CLANG_WARN_DIRECT_OBJC_ISA_USAGE = YES_ERROR;
				CLANG_WARN_EMPTY_BODY = YES;
				CLANG_WARN_ENUM_CONVERSION = YES;
				CLANG_WARN_INT_CONVERSION = YES;
				CLANG_WARN_OBJC_ROOT_CLASS = YES_ERROR;
				CLANG_WARN_UNREACHABLE_CODE = YES;
				CLANG_WARN__DUPLICATE_METHOD_MATCH = YES;
				"CODE_SIGN_IDENTITY[sdk=iphoneos*]" = "iPhone Developer";
				COPY_PHASE_STRIP = NO;
				ENABLE_NS_ASSERTIONS = NO;
				ENABLE_STRICT_OBJC_MSGSEND = YES;
				GCC_C_LANGUAGE_STANDARD = gnu99;
				GCC_WARN_64_TO_32_BIT_CONVERSION = YES;
				GCC_WARN_ABOUT_RETURN_TYPE = YES_ERROR;
				GCC_WARN_UNDECLARED_SELECTOR = YES;
				GCC_WARN_UNINITIALIZED_AUTOS = YES_AGGRESSIVE;
				GCC_WARN_UNUSED_FUNCTION = YES;
				GCC_WARN_UNUSED_VARIABLE = YES;
				IPHONEOS_DEPLOYMENT_TARGET = 8.2;
				MTL_ENABLE_DEBUG_INFO = NO;
				SDKROOT = iphoneos;
				TARGETED_DEVICE_FAMILY = "1,2";
				VALIDATE_PRODUCT = YES;
			};
			name = Release;
		};
		AF89A1121AB3EDDB00138C66 /* Debug */ = {
			isa = XCBuildConfiguration;
			buildSettings = {
				ASSETCATALOG_COMPILER_APPICON_NAME = AppIcon;
				FRAMEWORK_SEARCH_PATHS = (
					"$(inherited)",
					"$(PROJECT_DIR)",
				);
				INFOPLIST_FILE = "Game Show Challenge/Info.plist";
				IPHONEOS_DEPLOYMENT_TARGET = 8.0;
				LD_RUNPATH_SEARCH_PATHS = "$(inherited) @executable_path/Frameworks";
				PRODUCT_NAME = "$(TARGET_NAME)";
			};
			name = Debug;
		};
		AF89A1131AB3EDDB00138C66 /* Release */ = {
			isa = XCBuildConfiguration;
			buildSettings = {
				ASSETCATALOG_COMPILER_APPICON_NAME = AppIcon;
				FRAMEWORK_SEARCH_PATHS = (
					"$(inherited)",
					"$(PROJECT_DIR)",
				);
				INFOPLIST_FILE = "Game Show Challenge/Info.plist";
				IPHONEOS_DEPLOYMENT_TARGET = 8.0;
				LD_RUNPATH_SEARCH_PATHS = "$(inherited) @executable_path/Frameworks";
				PRODUCT_NAME = "$(TARGET_NAME)";
			};
			name = Release;
		};
		AF89A1151AB3EDDB00138C66 /* Debug */ = {
			isa = XCBuildConfiguration;
			buildSettings = {
				BUNDLE_LOADER = "$(TEST_HOST)";
				FRAMEWORK_SEARCH_PATHS = (
					"$(SDKROOT)/Developer/Library/Frameworks",
					"$(inherited)",
				);
				GCC_PREPROCESSOR_DEFINITIONS = (
					"DEBUG=1",
					"$(inherited)",
				);
				INFOPLIST_FILE = "Game Show ChallengeTests/Info.plist";
				LD_RUNPATH_SEARCH_PATHS = "$(inherited) @executable_path/Frameworks @loader_path/Frameworks";
				PRODUCT_NAME = "$(TARGET_NAME)";
				TEST_HOST = "$(BUILT_PRODUCTS_DIR)/Game Show Challenge.app/Game Show Challenge";
			};
			name = Debug;
		};
		AF89A1161AB3EDDB00138C66 /* Release */ = {
			isa = XCBuildConfiguration;
			buildSettings = {
				BUNDLE_LOADER = "$(TEST_HOST)";
				FRAMEWORK_SEARCH_PATHS = (
					"$(SDKROOT)/Developer/Library/Frameworks",
					"$(inherited)",
				);
				INFOPLIST_FILE = "Game Show ChallengeTests/Info.plist";
				LD_RUNPATH_SEARCH_PATHS = "$(inherited) @executable_path/Frameworks @loader_path/Frameworks";
				PRODUCT_NAME = "$(TARGET_NAME)";
				TEST_HOST = "$(BUILT_PRODUCTS_DIR)/Game Show Challenge.app/Game Show Challenge";
			};
			name = Release;
		};
/* End XCBuildConfiguration section */

/* Begin XCConfigurationList section */
		AF89A0E91AB3EDDA00138C66 /* Build configuration list for PBXProject "Game Show Challenge" */ = {
			isa = XCConfigurationList;
			buildConfigurations = (
				AF89A10F1AB3EDDB00138C66 /* Debug */,
				AF89A1101AB3EDDB00138C66 /* Release */,
			);
			defaultConfigurationIsVisible = 0;
			defaultConfigurationName = Release;
		};
		AF89A1111AB3EDDB00138C66 /* Build configuration list for PBXNativeTarget "Game Show Challenge" */ = {
			isa = XCConfigurationList;
			buildConfigurations = (
				AF89A1121AB3EDDB00138C66 /* Debug */,
				AF89A1131AB3EDDB00138C66 /* Release */,
			);
			defaultConfigurationIsVisible = 0;
			defaultConfigurationName = Release;
		};
		AF89A1141AB3EDDB00138C66 /* Build configuration list for PBXNativeTarget "Game Show ChallengeTests" */ = {
			isa = XCConfigurationList;
			buildConfigurations = (
				AF89A1151AB3EDDB00138C66 /* Debug */,
				AF89A1161AB3EDDB00138C66 /* Release */,
			);
			defaultConfigurationIsVisible = 0;
			defaultConfigurationName = Release;
		};
/* End XCConfigurationList section */
	};
	rootObject = AF89A0E61AB3EDDA00138C66 /* Project object */;
}
